
Microsoft Visual Studio Solution File, Format Version 12.00
# Visual Studio Version 16
VisualStudioVersion = 16.0.33920.266
MinimumVisualStudioVersion = 10.0.40219.1
Project("{FAE04EC0-301F-11D3-BF4B-00C04F79EFBC}") = "BDM", "BDM\BDM.csproj", "{E3DE8A3F-E69B-4179-AB5E-351C47BCB4DE}"
EndProject
Project("{FAE04EC0-301F-11D3-BF4B-00C04F79EFBC}") = "BDMdata", "BDMdata\BDMdata.csproj", "{AC9E8B4E-FC60-45B0-BFB9-7193AE0B3224}"
EndProject
Project("{FAE04EC0-301F-11D3-BF4B-00C04F79EFBC}") = "BDM_Form", "BDM_Form\BDM_Form.csproj", "{AF4207F7-AC65-4C6D-B809-3694EED793E1}"
EndProject
Project("{FAE04EC0-301F-11D3-BF4B-00C04F79EFBC}") = "CodeGenerators", "CodeGenerators\CodeGenerators.csproj", "{B7E9FD19-AF3B-49F9-80EA-D35ED509D80D}"
EndProject
Global
	GlobalSection(SolutionConfigurationPlatforms) = preSolution
		Debug|Any CPU = Debug|Any CPU
		Release|Any CPU = Release|Any CPU
	EndGlobalSection
	GlobalSection(ProjectConfigurationPlatforms) = postSolution
		{E3DE8A3F-E69B-4179-AB5E-351C47BCB4DE}.Debug|Any CPU.ActiveCfg = Debug|Any CPU
		{E3DE8A3F-E69B-4179-AB5E-351C47BCB4DE}.Debug|Any CPU.Build.0 = Debug|Any CPU
		{E3DE8A3F-E69B-4179-AB5E-351C47BCB4DE}.Release|Any CPU.ActiveCfg = Release|Any CPU
		{E3DE8A3F-E69B-4179-AB5E-351C47BCB4DE}.Release|Any CPU.Build.0 = Release|Any CPU
		{AC9E8B4E-FC60-45B0-BFB9-7193AE0B3224}.Debug|Any CPU.ActiveCfg = Debug|Any CPU
		{AC9E8B4E-FC60-45B0-BFB9-7193AE0B3224}.Debug|Any CPU.Build.0 = Debug|Any CPU
		{AC9E8B4E-FC60-45B0-BFB9-7193AE0B3224}.Release|Any CPU.ActiveCfg = Release|Any CPU
		{AC9E8B4E-FC60-45B0-BFB9-7193AE0B3224}.Release|Any CPU.Build.0 = Release|Any CPU
		{AF4207F7-AC65-4C6D-B809-3694EED793E1}.Debug|Any CPU.ActiveCfg = Debug|Any CPU
		{AF4207F7-AC65-4C6D-B809-3694EED793E1}.Debug|Any CPU.Build.0 = Debug|Any CPU
		{AF4207F7-AC65-4C6D-B809-3694EED793E1}.Release|Any CPU.ActiveCfg = Release|Any CPU
		{AF4207F7-AC65-4C6D-B809-3694EED793E1}.Release|Any CPU.Build.0 = Release|Any CPU
		{B7E9FD19-AF3B-49F9-80EA-D35ED509D80D}.Debug|Any CPU.ActiveCfg = Debug|Any CPU
		{B7E9FD19-AF3B-49F9-80EA-D35ED509D80D}.Debug|Any CPU.Build.0 = Debug|Any CPU
		{B7E9FD19-AF3B-49F9-80EA-D35ED509D80D}.Release|Any CPU.ActiveCfg = Release|Any CPU
		{B7E9FD19-AF3B-49F9-80EA-D35ED509D80D}.Release|Any CPU.Build.0 = Release|Any CPU
	EndGlobalSection
	GlobalSection(SolutionProperties) = preSolution
		HideSolutionNode = FALSE
	EndGlobalSection
	GlobalSection(ExtensibilityGlobals) = postSolution
		SolutionGuid = {6883DB7F-ABDB-4728-AAFA-FB68D3B4A583}
	EndGlobalSection
EndGlobal
